# THIS IS AN AUTOGENERATED FILE. DO NOT EDIT THIS FILE DIRECTLY.
# yarn lockfile v1


<<<<<<< HEAD
<<<<<<< HEAD
=======
nouislider@^9.2.0:
  version "9.2.0"
  resolved "https://registry.yarnpkg.com/nouislider/-/nouislider-9.2.0.tgz#e87c507de2b0b4d075038b5a42547c7dbbebaf69"
  integrity sha1-6HxQfeKwtNB1A4taQlR8fbvrr2k=

react-nouislider@^2.0.1:
  version "2.0.1"
  resolved "https://registry.yarnpkg.com/react-nouislider/-/react-nouislider-2.0.1.tgz#94ba46d78627aa1f168d5744c4e2a89df67ab3d4"
  integrity sha512-/K5cHKkvsvZ/fwgFATxkORAEtuiWVrQOqNchEInRn7qlv9mDh+LEq+NydFu91v7Cy2XjHzVPD9ZU12wg5t9yCg==
  dependencies:
    nouislider "^9.2.0"
>>>>>>> 286088b43b0e4cc2bc866d1b5b3239ed58efc0f9
=======
>>>>>>> 3d5c728b847d4b735004f0e0c0410215838172c4
